
Microsoft Visual Studio Solution File, Format Version 12.00
# Visual Studio Version 17
VisualStudioVersion = 17.14.36429.23
MinimumVisualStudioVersion = 10.0.40219.1
Project("{FAE04EC0-301F-11D3-BF4B-00C04F79EFBC}") = "2026_12b", "2026_12b\2026_12b.csproj", "{524378E6-B554-4A85-9011-980B27FE03D9}"
EndProject
Project("{FAE04EC0-301F-11D3-BF4B-00C04F79EFBC}") = "20260921 Outbreak Defender", "20260921 Outbreak Defender\20260921 Outbreak Defender.csproj", "{BAAF781C-9A6C-4572-AD6F-769587A4E737}"
EndProject
Project("{FAE04EC0-301F-11D3-BF4B-00C04F79EFBC}") = "20261006", "..\20261006\20261006.csproj", "{A50D5881-49AE-44A9-ACA6-053B81C4C55F}"
EndProject
Global
	GlobalSection(SolutionConfigurationPlatforms) = preSolution
		Debug|Any CPU = Debug|Any CPU
		Release|Any CPU = Release|Any CPU
	EndGlobalSection
	GlobalSection(ProjectConfigurationPlatforms) = postSolution
		{524378E6-B554-4A85-9011-980B27FE03D9}.Debug|Any CPU.ActiveCfg = Debug|Any CPU
		{524378E6-B554-4A85-9011-980B27FE03D9}.Debug|Any CPU.Build.0 = Debug|Any CPU
		{524378E6-B554-4A85-9011-980B27FE03D9}.Release|Any CPU.ActiveCfg = Release|Any CPU
		{524378E6-B554-4A85-9011-980B27FE03D9}.Release|Any CPU.Build.0 = Release|Any CPU
		{BAAF781C-9A6C-4572-AD6F-769587A4E737}.Debug|Any CPU.ActiveCfg = Debug|Any CPU
		{BAAF781C-9A6C-4572-AD6F-769587A4E737}.Debug|Any CPU.Build.0 = Debug|Any CPU
		{BAAF781C-9A6C-4572-AD6F-769587A4E737}.Release|Any CPU.ActiveCfg = Release|Any CPU
		{BAAF781C-9A6C-4572-AD6F-769587A4E737}.Release|Any CPU.Build.0 = Release|Any CPU
		{A50D5881-49AE-44A9-ACA6-053B81C4C55F}.Debug|Any CPU.ActiveCfg = Debug|Any CPU
		{A50D5881-49AE-44A9-ACA6-053B81C4C55F}.Debug|Any CPU.Build.0 = Debug|Any CPU
		{A50D5881-49AE-44A9-ACA6-053B81C4C55F}.Release|Any CPU.ActiveCfg = Release|Any CPU
		{A50D5881-49AE-44A9-ACA6-053B81C4C55F}.Release|Any CPU.Build.0 = Release|Any CPU
	EndGlobalSection
	GlobalSection(SolutionProperties) = preSolution
		HideSolutionNode = FALSE
	EndGlobalSection
	GlobalSection(ExtensibilityGlobals) = postSolution
		SolutionGuid = {F119E0B0-9881-49DF-B3CC-699D9E69F071}
	EndGlobalSection
EndGlobal
